
Microsoft Visual Studio Solution File, Format Version 12.00
# Visual Studio Version 17
VisualStudioVersion = 17.5.33627.172
MinimumVisualStudioVersion = 10.0.40219.1
Project("{8BC9CEB8-8B4A-11D0-8D11-00A0C91BC942}") = "tank_battle_vs", "tank_battle_vs.vcxproj", "{E36748F5-C17C-4EF9-8A7E-CA0B31E95314}"
EndProject
Global
	GlobalSection(SolutionConfigurationPlatforms) = preSolution
		Debug|x64 = Debug|x64
	EndGlobalSection
	GlobalSection(ProjectConfigurationPlatforms) = postSolution
		{E36748F5-C17C-4EF9-8A7E-CA0B31E95314}.Debug|x64.ActiveCfg = Debug|x64
		{E36748F5-C17C-4EF9-8A7E-CA0B31E95314}.Debug|x64.Build.0 = Debug|x64
	EndGlobalSection
	GlobalSection(SolutionProperties) = preSolution
		HideSolutionNode = FALSE
	EndGlobalSection
	GlobalSection(ExtensibilityGlobals) = postSolution
		SolutionGuid = {BBA3E006-3F8B-4184-A52A-7059A3200B8E}
	EndGlobalSection
EndGlobal
